// !$*UTF8*$!
{
	archiveVersion = 1;
	classes = {
	};
	objectVersion = 50;
	objects = {

/* Begin PBXBuildFile section */
		D0BAE20C26A84D99004F8E29 /* AppDelegate.swift in Sources */ = {isa = PBXBuildFile; fileRef = D0BAE20B26A84D99004F8E29 /* AppDelegate.swift */; };
		D0BAE21026A84D99004F8E29 /* HomeVC.swift in Sources */ = {isa = PBXBuildFile; fileRef = D0BAE20F26A84D99004F8E29 /* HomeVC.swift */; };
		D0BAE21326A84D99004F8E29 /* Main.storyboard in Resources */ = {isa = PBXBuildFile; fileRef = D0BAE21126A84D99004F8E29 /* Main.storyboard */; };
		D0BAE21526A84D9D004F8E29 /* Assets.xcassets in Resources */ = {isa = PBXBuildFile; fileRef = D0BAE21426A84D9D004F8E29 /* Assets.xcassets */; };
		D0BAE21826A84D9D004F8E29 /* LaunchScreen.storyboard in Resources */ = {isa = PBXBuildFile; fileRef = D0BAE21626A84D9D004F8E29 /* LaunchScreen.storyboard */; };
		D0BAE22526A86541004F8E29 /* UIElement.swift in Sources */ = {isa = PBXBuildFile; fileRef = D0BAE22426A86541004F8E29 /* UIElement.swift */; };
		D0BAE22726A865F4004F8E29 /* APIModel.swift in Sources */ = {isa = PBXBuildFile; fileRef = D0BAE22626A865F4004F8E29 /* APIModel.swift */; };
		D0BAE22A26A86C81004F8E29 /* APIDataModels.swift in Sources */ = {isa = PBXBuildFile; fileRef = D0BAE22826A86B98004F8E29 /* APIDataModels.swift */; };
		D0BAE22C26A870B3004F8E29 /* DataListVC.swift in Sources */ = {isa = PBXBuildFile; fileRef = D0BAE22B26A870B3004F8E29 /* DataListVC.swift */; };
		D0BAE22E26A870CB004F8E29 /* DetailDataVC.swift in Sources */ = {isa = PBXBuildFile; fileRef = D0BAE22D26A870CB004F8E29 /* DetailDataVC.swift */; };
		D0BAE23026A87691004F8E29 /* Cells.swift in Sources */ = {isa = PBXBuildFile; fileRef = D0BAE22F26A87691004F8E29 /* Cells.swift */; };
		D0BAE23426A87F55004F8E29 /* DownloadModel.swift in Sources */ = {isa = PBXBuildFile; fileRef = D0BAE23326A87F55004F8E29 /* DownloadModel.swift */; };
/* End PBXBuildFile section */

/* Begin PBXFileReference section */
		D0BAE20826A84D99004F8E29 /* SideProject.app */ = {isa = PBXFileReference; explicitFileType = wrapper.application; includeInIndex = 0; path = SideProject.app; sourceTree = BUILT_PRODUCTS_DIR; };
		D0BAE20B26A84D99004F8E29 /* AppDelegate.swift */ = {isa = PBXFileReference; lastKnownFileType = sourcecode.swift; path = AppDelegate.swift; sourceTree = "<group>"; };
		D0BAE20F26A84D99004F8E29 /* HomeVC.swift */ = {isa = PBXFileReference; lastKnownFileType = sourcecode.swift; path = HomeVC.swift; sourceTree = "<group>"; };
		D0BAE21226A84D99004F8E29 /* Base */ = {isa = PBXFileReference; lastKnownFileType = file.storyboard; name = Base; path = Base.lproj/Main.storyboard; sourceTree = "<group>"; };
		D0BAE21426A84D9D004F8E29 /* Assets.xcassets */ = {isa = PBXFileReference; lastKnownFileType = folder.assetcatalog; path = Assets.xcassets; sourceTree = "<group>"; };
		D0BAE21726A84D9D004F8E29 /* Base */ = {isa = PBXFileReference; lastKnownFileType = file.storyboard; name = Base; path = Base.lproj/LaunchScreen.storyboard; sourceTree = "<group>"; };
		D0BAE21926A84D9D004F8E29 /* Info.plist */ = {isa = PBXFileReference; lastKnownFileType = text.plist.xml; path = Info.plist; sourceTree = "<group>"; };
		D0BAE22426A86541004F8E29 /* UIElement.swift */ = {isa = PBXFileReference; lastKnownFileType = sourcecode.swift; path = UIElement.swift; sourceTree = "<group>"; };
		D0BAE22626A865F4004F8E29 /* APIModel.swift */ = {isa = PBXFileReference; lastKnownFileType = sourcecode.swift; path = APIModel.swift; sourceTree = "<group>"; };
		D0BAE22826A86B98004F8E29 /* APIDataModels.swift */ = {isa = PBXFileReference; lastKnownFileType = sourcecode.swift; path = APIDataModels.swift; sourceTree = "<group>"; };
		D0BAE22B26A870B3004F8E29 /* DataListVC.swift */ = {isa = PBXFileReference; lastKnownFileType = sourcecode.swift; path = DataListVC.swift; sourceTree = "<group>"; };
		D0BAE22D26A870CB004F8E29 /* DetailDataVC.swift */ = {isa = PBXFileReference; lastKnownFileType = sourcecode.swift; path = DetailDataVC.swift; sourceTree = "<group>"; };
		D0BAE22F26A87691004F8E29 /* Cells.swift */ = {isa = PBXFileReference; lastKnownFileType = sourcecode.swift; path = Cells.swift; sourceTree = "<group>"; };
		D0BAE23326A87F55004F8E29 /* DownloadModel.swift */ = {isa = PBXFileReference; lastKnownFileType = sourcecode.swift; path = DownloadModel.swift; sourceTree = "<group>"; };
/* End PBXFileReference section */

/* Begin PBXFrameworksBuildPhase section */
		D0BAE20526A84D99004F8E29 /* Frameworks */ = {
			isa = PBXFrameworksBuildPhase;
			buildActionMask = 2147483647;
			files = (
			);
			runOnlyForDeploymentPostprocessing = 0;
		};
/* End PBXFrameworksBuildPhase section */

/* Begin PBXGroup section */
		D0BAE1FF26A84D99004F8E29 = {
			isa = PBXGroup;
			children = (
				D0BAE20A26A84D99004F8E29 /* SideProject */,
				D0BAE20926A84D99004F8E29 /* Products */,
			);
			sourceTree = "<group>";
		};
		D0BAE20926A84D99004F8E29 /* Products */ = {
			isa = PBXGroup;
			children = (
				D0BAE20826A84D99004F8E29 /* SideProject.app */,
			);
			name = Products;
			sourceTree = "<group>";
		};
		D0BAE20A26A84D99004F8E29 /* SideProject */ = {
			isa = PBXGroup;
			children = (
				D0BAE22326A8652D004F8E29 /* Extensions */,
				D0BAE21F26A854D0004F8E29 /* Model */,
				D0BAE22026A854DA004F8E29 /* View */,
				D0BAE22126A854E5004F8E29 /* Controller */,
				D0BAE22226A854F8004F8E29 /* Resources */,
			);
			path = SideProject;
			sourceTree = "<group>";
		};
		D0BAE21F26A854D0004F8E29 /* Model */ = {
			isa = PBXGroup;
			children = (
				D0BAE22626A865F4004F8E29 /* APIModel.swift */,
				D0BAE22826A86B98004F8E29 /* APIDataModels.swift */,
				D0BAE23326A87F55004F8E29 /* DownloadModel.swift */,
			);
			path = Model;
			sourceTree = "<group>";
		};
		D0BAE22026A854DA004F8E29 /* View */ = {
			isa = PBXGroup;
			children = (
				D0BAE21126A84D99004F8E29 /* Main.storyboard */,
				D0BAE21626A84D9D004F8E29 /* LaunchScreen.storyboard */,
				D0BAE22F26A87691004F8E29 /* Cells.swift */,
			);
			path = View;
			sourceTree = "<group>";
		};
		D0BAE22126A854E5004F8E29 /* Controller */ = {
			isa = PBXGroup;
			children = (
				D0BAE20F26A84D99004F8E29 /* HomeVC.swift */,
				D0BAE22B26A870B3004F8E29 /* DataListVC.swift */,
				D0BAE22D26A870CB004F8E29 /* DetailDataVC.swift */,
			);
			path = Controller;
			sourceTree = "<group>";
		};
		D0BAE22226A854F8004F8E29 /* Resources */ = {
			isa = PBXGroup;
			children = (
				D0BAE20B26A84D99004F8E29 /* AppDelegate.swift */,
				D0BAE21426A84D9D004F8E29 /* Assets.xcassets */,
				D0BAE21926A84D9D004F8E29 /* Info.plist */,
			);
			name = Resources;
			sourceTree = "<group>";
		};
		D0BAE22326A8652D004F8E29 /* Extensions */ = {
			isa = PBXGroup;
			children = (
				D0BAE22426A86541004F8E29 /* UIElement.swift */,
			);
			path = Extensions;
			sourceTree = "<group>";
		};
/* End PBXGroup section */

/* Begin PBXNativeTarget section */
		D0BAE20726A84D99004F8E29 /* SideProject */ = {
			isa = PBXNativeTarget;
			buildConfigurationList = D0BAE21C26A84D9D004F8E29 /* Build configuration list for PBXNativeTarget "SideProject" */;
			buildPhases = (
				D0BAE20426A84D99004F8E29 /* Sources */,
				D0BAE20526A84D99004F8E29 /* Frameworks */,
				D0BAE20626A84D99004F8E29 /* Resources */,
			);
			buildRules = (
			);
			dependencies = (
			);
			name = SideProject;
			productName = CMoneyInterview;
			productReference = D0BAE20826A84D99004F8E29 /* SideProject.app */;
			productType = "com.apple.product-type.application";
		};
/* End PBXNativeTarget section */

/* Begin PBXProject section */
		D0BAE20026A84D99004F8E29 /* Project object */ = {
			isa = PBXProject;
			attributes = {
				LastSwiftUpdateCheck = 1250;
				LastUpgradeCheck = 1250;
				TargetAttributes = {
					D0BAE20726A84D99004F8E29 = {
						CreatedOnToolsVersion = 12.5.1;
					};
				};
			};
			buildConfigurationList = D0BAE20326A84D99004F8E29 /* Build configuration list for PBXProject "SideProject" */;
			compatibilityVersion = "Xcode 9.3";
			developmentRegion = en;
			hasScannedForEncodings = 0;
			knownRegions = (
				en,
				Base,
			);
			mainGroup = D0BAE1FF26A84D99004F8E29;
			productRefGroup = D0BAE20926A84D99004F8E29 /* Products */;
			projectDirPath = "";
			projectRoot = "";
			targets = (
				D0BAE20726A84D99004F8E29 /* SideProject */,
			);
		};
/* End PBXProject section */

/* Begin PBXResourcesBuildPhase section */
		D0BAE20626A84D99004F8E29 /* Resources */ = {
			isa = PBXResourcesBuildPhase;
			buildActionMask = 2147483647;
			files = (
				D0BAE21826A84D9D004F8E29 /* LaunchScreen.storyboard in Resources */,
				D0BAE21526A84D9D004F8E29 /* Assets.xcassets in Resources */,
				D0BAE21326A84D99004F8E29 /* Main.storyboard in Resources */,
			);
			runOnlyForDeploymentPostprocessing = 0;
		};
/* End PBXResourcesBuildPhase section */

/* Begin PBXSourcesBuildPhase section */
		D0BAE20426A84D99004F8E29 /* Sources */ = {
			isa = PBXSourcesBuildPhase;
			buildActionMask = 2147483647;
			files = (
				D0BAE23426A87F55004F8E29 /* DownloadModel.swift in Sources */,
				D0BAE22A26A86C81004F8E29 /* APIDataModels.swift in Sources */,
				D0BAE23026A87691004F8E29 /* Cells.swift in Sources */,
				D0BAE22E26A870CB004F8E29 /* DetailDataVC.swift in Sources */,
				D0BAE22726A865F4004F8E29 /* APIModel.swift in Sources */,
				D0BAE21026A84D99004F8E29 /* HomeVC.swift in Sources */,
				D0BAE22526A86541004F8E29 /* UIElement.swift in Sources */,
				D0BAE22C26A870B3004F8E29 /* DataListVC.swift in Sources */,
				D0BAE20C26A84D99004F8E29 /* AppDelegate.swift in Sources */,
			);
			runOnlyForDeploymentPostprocessing = 0;
		};
/* End PBXSourcesBuildPhase section */

/* Begin PBXVariantGroup section */
		D0BAE21126A84D99004F8E29 /* Main.storyboard */ = {
			isa = PBXVariantGroup;
			children = (
				D0BAE21226A84D99004F8E29 /* Base */,
			);
			name = Main.storyboard;
			sourceTree = "<group>";
		};
		D0BAE21626A84D9D004F8E29 /* LaunchScreen.storyboard */ = {
			isa = PBXVariantGroup;
			children = (
				D0BAE21726A84D9D004F8E29 /* Base */,
			);
			name = LaunchScreen.storyboard;
			sourceTree = "<group>";
		};
/* End PBXVariantGroup section */

/* Begin XCBuildConfiguration section */
		D0BAE21A26A84D9D004F8E29 /* Debug */ = {
			isa = XCBuildConfiguration;
			buildSettings = {
				ALWAYS_SEARCH_USER_PATHS = NO;
				CLANG_ANALYZER_NONNULL = YES;
				CLANG_ANALYZER_NUMBER_OBJECT_CONVERSION = YES_AGGRESSIVE;
				CLANG_CXX_LANGUAGE_STANDARD = "gnu++14";
				CLANG_CXX_LIBRARY = "libc++";
				CLANG_ENABLE_MODULES = YES;
				CLANG_ENABLE_OBJC_ARC = YES;
				CLANG_ENABLE_OBJC_WEAK = YES;
				CLANG_WARN_BLOCK_CAPTURE_AUTORELEASING = YES;
				CLANG_WARN_BOOL_CONVERSION = YES;
				CLANG_WARN_COMMA = YES;
				CLANG_WARN_CONSTANT_CONVERSION = YES;
				CLANG_WARN_DEPRECATED_OBJC_IMPLEMENTATIONS = YES;
				CLANG_WARN_DIRECT_OBJC_ISA_USAGE = YES_ERROR;
				CLANG_WARN_DOCUMENTATION_COMMENTS = YES;
				CLANG_WARN_EMPTY_BODY = YES;
				CLANG_WARN_ENUM_CONVERSION = YES;
				CLANG_WARN_INFINITE_RECURSION = YES;
				CLANG_WARN_INT_CONVERSION = YES;
				CLANG_WARN_NON_LITERAL_NULL_CONVERSION = YES;
				CLANG_WARN_OBJC_IMPLICIT_RETAIN_SELF = YES;
				CLANG_WARN_OBJC_LITERAL_CONVERSION = YES;
				CLANG_WARN_OBJC_ROOT_CLASS = YES_ERROR;
				CLANG_WARN_QUOTED_INCLUDE_IN_FRAMEWORK_HEADER = YES;
				CLANG_WARN_RANGE_LOOP_ANALYSIS = YES;
				CLANG_WARN_STRICT_PROTOTYPES = YES;
				CLANG_WARN_SUSPICIOUS_MOVE = YES;
				CLANG_WARN_UNGUARDED_AVAILABILITY = YES_AGGRESSIVE;
				CLANG_WARN_UNREACHABLE_CODE = YES;
				CLANG_WARN__DUPLICATE_METHOD_MATCH = YES;
				COPY_PHASE_STRIP = NO;
				DEBUG_INFORMATION_FORMAT = dwarf;
				ENABLE_STRICT_OBJC_MSGSEND = YES;
				ENABLE_TESTABILITY = YES;
				GCC_C_LANGUAGE_STANDARD = gnu11;
				GCC_DYNAMIC_NO_PIC = NO;
				GCC_NO_COMMON_BLOCKS = YES;
				GCC_OPTIMIZATION_LEVEL = 0;
				GCC_PREPROCESSOR_DEFINITIONS = (
					"DEBUG=1",
					"$(inherited)",
				);
				GCC_WARN_64_TO_32_BIT_CONVERSION = YES;
				GCC_WARN_ABOUT_RETURN_TYPE = YES_ERROR;
				GCC_WARN_UNDECLARED_SELECTOR = YES;
				GCC_WARN_UNINITIALIZED_AUTOS = YES_AGGRESSIVE;
				GCC_WARN_UNUSED_FUNCTION = YES;
				GCC_WARN_UNUSED_VARIABLE = YES;
				IPHONEOS_DEPLOYMENT_TARGET = 14.5;
				MTL_ENABLE_DEBUG_INFO = INCLUDE_SOURCE;
				MTL_FAST_MATH = YES;
				ONLY_ACTIVE_ARCH = YES;
				SDKROOT = iphoneos;
				SWIFT_ACTIVE_COMPILATION_CONDITIONS = DEBUG;
				SWIFT_OPTIMIZATION_LEVEL = "-Onone";
			};
			name = Debug;
		};
		D0BAE21B26A84D9D004F8E29 /* Release */ = {
			isa = XCBuildConfiguration;
			buildSettings = {
				ALWAYS_SEARCH_USER_PATHS = NO;
				CLANG_ANALYZER_NONNULL = YES;
				CLANG_ANALYZER_NUMBER_OBJECT_CONVERSION = YES_AGGRESSIVE;
				CLANG_CXX_LANGUAGE_STANDARD = "gnu++14";
				CLANG_CXX_LIBRARY = "libc++";
				CLANG_ENABLE_MODULES = YES;
				CLANG_ENABLE_OBJC_ARC = YES;
				CLANG_ENABLE_OBJC_WEAK = YES;
				CLANG_WARN_BLOCK_CAPTURE_AUTORELEASING = YES;
				CLANG_WARN_BOOL_CONVERSION = YES;
				CLANG_WARN_COMMA = YES;
				CLANG_WARN_CONSTANT_CONVERSION = YES;
				CLANG_WARN_DEPRECATED_OBJC_IMPLEMENTATIONS = YES;
				CLANG_WARN_DIRECT_OBJC_ISA_USAGE = YES_ERROR;
				CLANG_WARN_DOCUMENTATION_COMMENTS = YES;
				CLANG_WARN_EMPTY_BODY = YES;
				CLANG_WARN_ENUM_CONVERSION = YES;
				CLANG_WARN_INFINITE_RECURSION = YES;
				CLANG_WARN_INT_CONVERSION = YES;
				CLANG_WARN_NON_LITERAL_NULL_CONVERSION = YES;
				CLANG_WARN_OBJC_IMPLICIT_RETAIN_SELF = YES;
				CLANG_WARN_OBJC_LITERAL_CONVERSION = YES;
				CLANG_WARN_OBJC_ROOT_CLASS = YES_ERROR;
				CLANG_WARN_QUOTED_INCLUDE_IN_FRAMEWORK_HEADER = YES;
				CLANG_WARN_RANGE_LOOP_ANALYSIS = YES;
				CLANG_WARN_STRICT_PROTOTYPES = YES;
				CLANG_WARN_SUSPICIOUS_MOVE = YES;
				CLANG_WARN_UNGUARDED_AVAILABILITY = YES_AGGRESSIVE;
				CLANG_WARN_UNREACHABLE_CODE = YES;
				CLANG_WARN__DUPLICATE_METHOD_MATCH = YES;
				COPY_PHASE_STRIP = NO;
				DEBUG_INFORMATION_FORMAT = "dwarf-with-dsym";
				ENABLE_NS_ASSERTIONS = NO;
				ENABLE_STRICT_OBJC_MSGSEND = YES;
				GCC_C_LANGUAGE_STANDARD = gnu11;
				GCC_NO_COMMON_BLOCKS = YES;
				GCC_WARN_64_TO_32_BIT_CONVERSION = YES;
				GCC_WARN_ABOUT_RETURN_TYPE = YES_ERROR;
				GCC_WARN_UNDECLARED_SELECTOR = YES;
				GCC_WARN_UNINITIALIZED_AUTOS = YES_AGGRESSIVE;
				GCC_WARN_UNUSED_FUNCTION = YES;
				GCC_WARN_UNUSED_VARIABLE = YES;
				IPHONEOS_DEPLOYMENT_TARGET = 14.5;
				MTL_ENABLE_DEBUG_INFO = NO;
				MTL_FAST_MATH = YES;
				SDKROOT = iphoneos;
				SWIFT_COMPILATION_MODE = wholemodule;
				SWIFT_OPTIMIZATION_LEVEL = "-O";
				VALIDATE_PRODUCT = YES;
			};
			name = Release;
		};
		D0BAE21D26A84D9D004F8E29 /* Debug */ = {
			isa = XCBuildConfiguration;
			buildSettings = {
				ASSETCATALOG_COMPILER_APPICON_NAME = AppIcon;
				ASSETCATALOG_COMPILER_GLOBAL_ACCENT_COLOR_NAME = AccentColor;
				CODE_SIGN_STYLE = Automatic;
				CURRENT_PROJECT_VERSION = 1000;
				DEVELOPMENT_TEAM = H4K27VLK2T;
				INFOPLIST_FILE = SideProject/Info.plist;
				IPHONEOS_DEPLOYMENT_TARGET = 13.0;
				LD_RUNPATH_SEARCH_PATHS = (
					"$(inherited)",
					"@executable_path/Frameworks",
				);
				MARKETING_VERSION = 1.0.0;
				PRODUCT_BUNDLE_IDENTIFIER = com.peter.tw.SideProject;
				PRODUCT_NAME = "$(TARGET_NAME)";
				SWIFT_VERSION = 5.0;
				TARGETED_DEVICE_FAMILY = 1;
			};
			name = Debug;
		};
		D0BAE21E26A84D9D004F8E29 /* Release */ = {
			isa = XCBuildConfiguration;
			buildSettings = {
				ASSETCATALOG_COMPILER_APPICON_NAME = AppIcon;
				ASSETCATALOG_COMPILER_GLOBAL_ACCENT_COLOR_NAME = AccentColor;
				CODE_SIGN_STYLE = Automatic;
				CURRENT_PROJECT_VERSION = 1000;
				DEVELOPMENT_TEAM = H4K27VLK2T;
				INFOPLIST_FILE = SideProject/Info.plist;
				IPHONEOS_DEPLOYMENT_TARGET = 13.0;
				LD_RUNPATH_SEARCH_PATHS = (
					"$(inherited)",
					"@executable_path/Frameworks",
				);
				MARKETING_VERSION = 1.0.0;
				PRODUCT_BUNDLE_IDENTIFIER = com.peter.tw.SideProject;
				PRODUCT_NAME = "$(TARGET_NAME)";
				SWIFT_VERSION = 5.0;
				TARGETED_DEVICE_FAMILY = 1;
			};
			name = Release;
		};
/* End XCBuildConfiguration section */

/* Begin XCConfigurationList section */
		D0BAE20326A84D99004F8E29 /* Build configuration list for PBXProject "SideProject" */ = {
			isa = XCConfigurationList;
			buildConfigurations = (
				D0BAE21A26A84D9D004F8E29 /* Debug */,
				D0BAE21B26A84D9D004F8E29 /* Release */,
			);
			defaultConfigurationIsVisible = 0;
			defaultConfigurationName = Release;
		};
		D0BAE21C26A84D9D004F8E29 /* Build configuration list for PBXNativeTarget "SideProject" */ = {
			isa = XCConfigurationList;
			buildConfigurations = (
				D0BAE21D26A84D9D004F8E29 /* Debug */,
				D0BAE21E26A84D9D004F8E29 /* Release */,
			);
			defaultConfigurationIsVisible = 0;
			defaultConfigurationName = Release;
		};
/* End XCConfigurationList section */
	};
	rootObject = D0BAE20026A84D99004F8E29 /* Project object */;
}
